
Microsoft Visual Studio Solution File, Format Version 11.00
# Visual Studio 2010
Project("{FAE04EC0-301F-11D3-BF4B-00C04F79EFBC}") = "Core", "Core\Core.csproj", "{D1030D16-1A89-4071-BBC2-A290F6F3266A}"
EndProject
Project("{FAE04EC0-301F-11D3-BF4B-00C04F79EFBC}") = "Platform", "Platform\Platform.csproj", "{A1DC7050-81A2-4BE3-948D-6F7F4570F9D4}"
EndProject
Project("{FAE04EC0-301F-11D3-BF4B-00C04F79EFBC}") = "Theme", "Theme\Theme.csproj", "{5A65DA67-130D-43D8-9224-4559B523B6D4}"
EndProject
Global
	GlobalSection(TeamFoundationVersionControl) = preSolution
		SccNumberOfProjects = 4
		SccEnterpriseProvider = {4CA58AB2-18FA-4F8D-95D4-32DDF27D184C}
		SccTeamFoundationServer = https://tfs.codeplex.com/tfs/tfs34
		SccLocalPath0 = .
		SccProjectUniqueName1 = Core\\Core.csproj
		SccProjectName1 = Core
		SccLocalPath1 = Core
		SccProjectUniqueName2 = Platform\\Platform.csproj
		SccProjectName2 = Platform
		SccLocalPath2 = Platform
		SccProjectUniqueName3 = Theme\\Theme.csproj
		SccProjectName3 = Theme
		SccLocalPath3 = Theme
	EndGlobalSection
	GlobalSection(SolutionConfigurationPlatforms) = preSolution
		Debug|Any CPU = Debug|Any CPU
		Release|Any CPU = Release|Any CPU
	EndGlobalSection
	GlobalSection(ProjectConfigurationPlatforms) = postSolution
		{D1030D16-1A89-4071-BBC2-A290F6F3266A}.Debug|Any CPU.ActiveCfg = Debug|Any CPU
		{D1030D16-1A89-4071-BBC2-A290F6F3266A}.Debug|Any CPU.Build.0 = Debug|Any CPU
		{D1030D16-1A89-4071-BBC2-A290F6F3266A}.Release|Any CPU.ActiveCfg = Release|Any CPU
		{D1030D16-1A89-4071-BBC2-A290F6F3266A}.Release|Any CPU.Build.0 = Release|Any CPU
		{A1DC7050-81A2-4BE3-948D-6F7F4570F9D4}.Debug|Any CPU.ActiveCfg = Debug|Any CPU
		{A1DC7050-81A2-4BE3-948D-6F7F4570F9D4}.Debug|Any CPU.Build.0 = Debug|Any CPU
		{A1DC7050-81A2-4BE3-948D-6F7F4570F9D4}.Release|Any CPU.ActiveCfg = Release|Any CPU
		{A1DC7050-81A2-4BE3-948D-6F7F4570F9D4}.Release|Any CPU.Build.0 = Release|Any CPU
		{5A65DA67-130D-43D8-9224-4559B523B6D4}.Debug|Any CPU.ActiveCfg = Debug|Any CPU
		{5A65DA67-130D-43D8-9224-4559B523B6D4}.Debug|Any CPU.Build.0 = Debug|Any CPU
		{5A65DA67-130D-43D8-9224-4559B523B6D4}.Release|Any CPU.ActiveCfg = Release|Any CPU
		{5A65DA67-130D-43D8-9224-4559B523B6D4}.Release|Any CPU.Build.0 = Release|Any CPU
	EndGlobalSection
	GlobalSection(SolutionProperties) = preSolution
		HideSolutionNode = FALSE
	EndGlobalSection
EndGlobal
