
Microsoft Visual Studio Solution File, Format Version 11.00
# Visual Studio 2010
Project("{FAE04EC0-301F-11D3-BF4B-00C04F79EFBC}") = "Theme", "Theme\Theme.csproj", "{5A65DA67-130D-43D8-9224-4559B523B6D4}"
EndProject
Project("{FAE04EC0-301F-11D3-BF4B-00C04F79EFBC}") = "Test", "Test\Test.csproj", "{0B85401E-33FA-41EE-9627-8C17DA21505C}"
EndProject
Project("{2150E333-8FDC-42A3-9474-1A3956D46DE8}") = "Assembly dependencies", "Assembly dependencies", "{ADCE869D-0EF4-4394-8BCD-A3763B9EF424}"
	ProjectSection(SolutionItems) = preProject
		Install dependencies into GAC (32 bit).bat = Install dependencies into GAC (32 bit).bat
		Install dependencies into GAC (64 bit).bat = Install dependencies into GAC (64 bit).bat
		Uninstall dependencies from GAC (32 bit).bat = Uninstall dependencies from GAC (32 bit).bat
		Uninstall dependencies from GAC (64 bit).bat = Uninstall dependencies from GAC (64 bit).bat
	EndProjectSection
EndProject
Global
	GlobalSection(TeamFoundationVersionControl) = preSolution
		SccNumberOfProjects = 3
		SccEnterpriseProvider = {4CA58AB2-18FA-4F8D-95D4-32DDF27D184C}
		SccTeamFoundationServer = https://tfs.codeplex.com/tfs/tfs34
		SccLocalPath0 = .
		SccProjectUniqueName1 = Theme\\Theme.csproj
		SccProjectName1 = Theme
		SccLocalPath1 = Theme
		SccProjectUniqueName2 = Test\\Test.csproj
		SccProjectName2 = Test
		SccLocalPath2 = Test
	EndGlobalSection
	GlobalSection(SolutionConfigurationPlatforms) = preSolution
		Analysis|Mixed Platforms = Analysis|Mixed Platforms
		Debug|Mixed Platforms = Debug|Mixed Platforms
		Release|Mixed Platforms = Release|Mixed Platforms
	EndGlobalSection
	GlobalSection(ProjectConfigurationPlatforms) = postSolution
		{5A65DA67-130D-43D8-9224-4559B523B6D4}.Analysis|Mixed Platforms.ActiveCfg = Analysis|Any CPU
		{5A65DA67-130D-43D8-9224-4559B523B6D4}.Analysis|Mixed Platforms.Build.0 = Analysis|Any CPU
		{5A65DA67-130D-43D8-9224-4559B523B6D4}.Debug|Mixed Platforms.ActiveCfg = Debug|Any CPU
		{5A65DA67-130D-43D8-9224-4559B523B6D4}.Debug|Mixed Platforms.Build.0 = Debug|Any CPU
		{5A65DA67-130D-43D8-9224-4559B523B6D4}.Release|Mixed Platforms.ActiveCfg = Release|Any CPU
		{5A65DA67-130D-43D8-9224-4559B523B6D4}.Release|Mixed Platforms.Build.0 = Release|Any CPU
		{0B85401E-33FA-41EE-9627-8C17DA21505C}.Analysis|Mixed Platforms.ActiveCfg = Analysis|Any CPU
		{0B85401E-33FA-41EE-9627-8C17DA21505C}.Analysis|Mixed Platforms.Build.0 = Analysis|Any CPU
		{0B85401E-33FA-41EE-9627-8C17DA21505C}.Debug|Mixed Platforms.ActiveCfg = Debug|Any CPU
		{0B85401E-33FA-41EE-9627-8C17DA21505C}.Debug|Mixed Platforms.Build.0 = Debug|Any CPU
		{0B85401E-33FA-41EE-9627-8C17DA21505C}.Release|Mixed Platforms.ActiveCfg = Release|Any CPU
		{0B85401E-33FA-41EE-9627-8C17DA21505C}.Release|Mixed Platforms.Build.0 = Release|Any CPU
	EndGlobalSection
	GlobalSection(SolutionProperties) = preSolution
		HideSolutionNode = FALSE
	EndGlobalSection
EndGlobal
