
Microsoft Visual Studio Solution File, Format Version 11.00
# Visual Studio 2010
Project("{FAE04EC0-301F-11D3-BF4B-00C04F79EFBC}") = "Theme", "Theme\Theme.csproj", "{5A65DA67-130D-43D8-9224-4559B523B6D4}"
EndProject
Project("{FAE04EC0-301F-11D3-BF4B-00C04F79EFBC}") = "Theme.Test", "Theme.Test\Theme.Test.csproj", "{0B85401E-33FA-41EE-9627-8C17DA21505C}"
EndProject
Project("{FAE04EC0-301F-11D3-BF4B-00C04F79EFBC}") = "Platform.Communication", "Platform.Communication\Platform.Communication.csproj", "{DC70C9DA-AB6D-45DB-8C70-25F6D50F7FD3}"
EndProject
Project("{FAE04EC0-301F-11D3-BF4B-00C04F79EFBC}") = "Platform.Gadgets", "Platform.Gadgets\Platform.Gadgets.csproj", "{C83BE4BE-2B8A-40CA-AA3E-73689879AFB5}"
EndProject
Project("{2150E333-8FDC-42A3-9474-1A3956D46DE8}") = "Assembly dependencies", "Assembly dependencies", "{ADCE869D-0EF4-4394-8BCD-A3763B9EF424}"
	ProjectSection(SolutionItems) = preProject
		Install into GAC (32 bit).bat = Install into GAC (32 bit).bat
		Install into GAC (64 bit).bat = Install into GAC (64 bit).bat
		Uninstall from GAC (32 bit).bat = Uninstall from GAC (32 bit).bat
		Uninstall from GAC (64 bit).bat = Uninstall from GAC (64 bit).bat
	EndProjectSection
EndProject
Project("{FAE04EC0-301F-11D3-BF4B-00C04F79EFBC}") = "Platform", "Platform\Platform.csproj", "{A1DC7050-81A2-4BE3-948D-6F7F4570F9D4}"
EndProject
Global
	GlobalSection(TeamFoundationVersionControl) = preSolution
		SccNumberOfProjects = 6
		SccEnterpriseProvider = {4CA58AB2-18FA-4F8D-95D4-32DDF27D184C}
		SccTeamFoundationServer = https://tfs.codeplex.com/tfs/tfs34
		SccLocalPath0 = .
		SccProjectUniqueName1 = Platform.Communication\\Platform.Communication.csproj
		SccProjectName1 = Platform.Communication
		SccLocalPath1 = Platform.Communication
		SccProjectUniqueName2 = Theme\\Theme.csproj
		SccProjectName2 = Theme
		SccLocalPath2 = Theme
		SccProjectUniqueName3 = Theme.Test\\Theme.Test.csproj
		SccProjectName3 = Theme.Test
		SccLocalPath3 = Theme.Test
		SccProjectUniqueName4 = Platform.Gadgets\\Platform.Gadgets.csproj
		SccProjectName4 = Platform.Gadgets
		SccLocalPath4 = Platform.Gadgets
		SccProjectUniqueName5 = Platform\\Platform.csproj
		SccProjectName5 = Platform
		SccLocalPath5 = Platform
	EndGlobalSection
	GlobalSection(SolutionConfigurationPlatforms) = preSolution
		Debug|x64 = Debug|x64
		Debug|x86 = Debug|x86
		Release|x64 = Release|x64
		Release|x86 = Release|x86
	EndGlobalSection
	GlobalSection(ProjectConfigurationPlatforms) = postSolution
		{5A65DA67-130D-43D8-9224-4559B523B6D4}.Debug|x64.ActiveCfg = Debug|Any CPU
		{5A65DA67-130D-43D8-9224-4559B523B6D4}.Debug|x86.ActiveCfg = Debug|Any CPU
		{5A65DA67-130D-43D8-9224-4559B523B6D4}.Release|x64.ActiveCfg = Release|Any CPU
		{5A65DA67-130D-43D8-9224-4559B523B6D4}.Release|x86.ActiveCfg = Release|Any CPU
		{0B85401E-33FA-41EE-9627-8C17DA21505C}.Debug|x64.ActiveCfg = Debug|Any CPU
		{0B85401E-33FA-41EE-9627-8C17DA21505C}.Debug|x86.ActiveCfg = Debug|Any CPU
		{0B85401E-33FA-41EE-9627-8C17DA21505C}.Release|x64.ActiveCfg = Release|Any CPU
		{0B85401E-33FA-41EE-9627-8C17DA21505C}.Release|x86.ActiveCfg = Release|Any CPU
		{DC70C9DA-AB6D-45DB-8C70-25F6D50F7FD3}.Debug|x64.ActiveCfg = Debug|Any CPU
		{DC70C9DA-AB6D-45DB-8C70-25F6D50F7FD3}.Debug|x86.ActiveCfg = Debug|Any CPU
		{DC70C9DA-AB6D-45DB-8C70-25F6D50F7FD3}.Release|x64.ActiveCfg = Release|Any CPU
		{DC70C9DA-AB6D-45DB-8C70-25F6D50F7FD3}.Release|x86.ActiveCfg = Release|Any CPU
		{C83BE4BE-2B8A-40CA-AA3E-73689879AFB5}.Debug|x64.ActiveCfg = Debug|Any CPU
		{C83BE4BE-2B8A-40CA-AA3E-73689879AFB5}.Debug|x86.ActiveCfg = Debug|Any CPU
		{C83BE4BE-2B8A-40CA-AA3E-73689879AFB5}.Release|x64.ActiveCfg = Release|Any CPU
		{C83BE4BE-2B8A-40CA-AA3E-73689879AFB5}.Release|x86.ActiveCfg = Release|Any CPU
		{A1DC7050-81A2-4BE3-948D-6F7F4570F9D4}.Debug|x64.ActiveCfg = Debug|x64
		{A1DC7050-81A2-4BE3-948D-6F7F4570F9D4}.Debug|x64.Build.0 = Debug|x64
		{A1DC7050-81A2-4BE3-948D-6F7F4570F9D4}.Debug|x86.ActiveCfg = Debug|x86
		{A1DC7050-81A2-4BE3-948D-6F7F4570F9D4}.Debug|x86.Build.0 = Debug|x86
		{A1DC7050-81A2-4BE3-948D-6F7F4570F9D4}.Release|x64.ActiveCfg = Release|x64
		{A1DC7050-81A2-4BE3-948D-6F7F4570F9D4}.Release|x64.Build.0 = Release|x64
		{A1DC7050-81A2-4BE3-948D-6F7F4570F9D4}.Release|x86.ActiveCfg = Release|x86
		{A1DC7050-81A2-4BE3-948D-6F7F4570F9D4}.Release|x86.Build.0 = Release|x86
	EndGlobalSection
	GlobalSection(SolutionProperties) = preSolution
		HideSolutionNode = FALSE
	EndGlobalSection
EndGlobal
