
Microsoft Visual Studio Solution File, Format Version 12.00
# Visual Studio 2012
Project("{2150E333-8FDC-42A3-9474-1A3956D46DE8}") = "Services", "Services", "{957D1E0C-F1C0-4B7D-82A6-9E46E11A72D0}"
	ProjectSection(SolutionItems) = preProject
		Install and run Elysium Notifications service (x64, debug).bat = Install and run Elysium Notifications service (x64, debug).bat
		Install and run Elysium Notifications service (x64, release).bat = Install and run Elysium Notifications service (x64, release).bat
		Install and run Elysium Notifications service (x86, debug).bat = Install and run Elysium Notifications service (x86, debug).bat
		Install and run Elysium Notifications service (x86, release).bat = Install and run Elysium Notifications service (x86, release).bat
		Stop and uninstall Elysium Notifications service (x64, debug).bat = Stop and uninstall Elysium Notifications service (x64, debug).bat
		Stop and uninstall Elysium Notifications service (x64, release).bat = Stop and uninstall Elysium Notifications service (x64, release).bat
		Stop and uninstall Elysium Notifications service (x86, debug).bat = Stop and uninstall Elysium Notifications service (x86, debug).bat
		Stop and uninstall Elysium Notifications service (x86, release).bat = Stop and uninstall Elysium Notifications service (x86, release).bat
	EndProjectSection
EndProject
Project("{FAE04EC0-301F-11D3-BF4B-00C04F79EFBC}") = "Elysium", "Elysium\Elysium.csproj", "{5A65DA67-130D-43D8-9224-4559B523B6D4}"
EndProject
Project("{FAE04EC0-301F-11D3-BF4B-00C04F79EFBC}") = "Elysium.Test", "Elysium.Test\Elysium.Test.csproj", "{0B85401E-33FA-41EE-9627-8C17DA21505C}"
	ProjectSection(ProjectDependencies) = postProject
		{E994DC8C-98CB-4F53-8A27-0CA80EE9E78B} = {E994DC8C-98CB-4F53-8A27-0CA80EE9E78B}
	EndProjectSection
EndProject
Project("{FAE04EC0-301F-11D3-BF4B-00C04F79EFBC}") = "Elysium.Notifications.Server", "Elysium.Notifications.Server\Elysium.Notifications.Server.csproj", "{E994DC8C-98CB-4F53-8A27-0CA80EE9E78B}"
	ProjectSection(ProjectDependencies) = postProject
		{5A65DA67-130D-43D8-9224-4559B523B6D4} = {5A65DA67-130D-43D8-9224-4559B523B6D4}
	EndProjectSection
EndProject
Project("{FAE04EC0-301F-11D3-BF4B-00C04F79EFBC}") = "Elysium.Notifications", "Elysium.Notifications\Elysium.Notifications.csproj", "{32D6CB94-F07A-4D84-A5E0-376E51EDFF1D}"
EndProject
Project("{2150E333-8FDC-42A3-9474-1A3956D46DE8}") = "Software Development Kit", "Software Development Kit", "{FA20A796-1C37-43CC-B132-22B8AEF918FC}"
	ProjectSection(SolutionItems) = preProject
		SDK\MSI\Zip templates.bat = SDK\MSI\Zip templates.bat
	EndProjectSection
EndProject
Project("{930C7802-8A8C-48F9-8165-68863BCCD9DD}") = "Elysium.SDK.MSI", "SDK\MSI\Elysium.SDK.MSI.wixproj", "{88863322-5F6C-4933-A712-ECA1424A5711}"
EndProject
Project("{2150E333-8FDC-42A3-9474-1A3956D46DE8}") = "Documentation", "Documentation", "{1E7E4B07-9758-4F25-96B6-5BD434317EAA}"
EndProject
Project("{2150E333-8FDC-42A3-9474-1A3956D46DE8}") = "ru", "ru", "{B95FB9C4-018A-4EA4-92FD-7C486B7E77F1}"
EndProject
Project("{7CF6DF6D-3B04-46F8-A40B-537D21BCA0B4}") = "Elysium", "Documentation\ru\Elysium.shfbproj", "{2ED0B9E6-AB08-4358-9F10-8EA35FA37366}"
	ProjectSection(ProjectDependencies) = postProject
		{5A65DA67-130D-43D8-9224-4559B523B6D4} = {5A65DA67-130D-43D8-9224-4559B523B6D4}
		{32D6CB94-F07A-4D84-A5E0-376E51EDFF1D} = {32D6CB94-F07A-4D84-A5E0-376E51EDFF1D}
	EndProjectSection
EndProject
Project("{2150E333-8FDC-42A3-9474-1A3956D46DE8}") = "en", "en", "{4A10A4A4-AEA2-480E-A6F9-C8D890E0E7C0}"
EndProject
Project("{7CF6DF6D-3B04-46F8-A40B-537D21BCA0B4}") = "Elysium", "Documentation\en\Elysium.shfbproj", "{E7B526D2-B5CC-4019-9AC8-F8B91F021A82}"
	ProjectSection(ProjectDependencies) = postProject
		{5A65DA67-130D-43D8-9224-4559B523B6D4} = {5A65DA67-130D-43D8-9224-4559B523B6D4}
		{32D6CB94-F07A-4D84-A5E0-376E51EDFF1D} = {32D6CB94-F07A-4D84-A5E0-376E51EDFF1D}
	EndProjectSection
EndProject
Project("{FAE04EC0-301F-11D3-BF4B-00C04F79EFBC}") = "Elysium.SDK.MSI.UI", "SDK\MSI\UI\Elysium.SDK.MSI.UI.csproj", "{07D90C48-77CF-43F6-83FE-1AEBA889470A}"
EndProject
Project("{930C7802-8A8C-48F9-8165-68863BCCD9DD}") = "Elysium.SDK.MSI.Bootstrapper", "SDK\MSI\Bootstrapper\Elysium.SDK.MSI.Bootstrapper.wixproj", "{A72E82C8-5E75-4178-8EDC-6FE3E2B4314F}"
	ProjectSection(ProjectDependencies) = postProject
		{88863322-5F6C-4933-A712-ECA1424A5711} = {88863322-5F6C-4933-A712-ECA1424A5711}
		{07D90C48-77CF-43F6-83FE-1AEBA889470A} = {07D90C48-77CF-43F6-83FE-1AEBA889470A}
	EndProjectSection
EndProject
Project("{2150E333-8FDC-42A3-9474-1A3956D46DE8}") = "Runtime", "Runtime", "{EF782CB5-0B09-44BE-8515-5BD0B6ADB927}"
EndProject
Project("{930C7802-8A8C-48F9-8165-68863BCCD9DD}") = "Elysium.Runtime.MSI", "Runtime\MSI\Elysium.Runtime.MSI.wixproj", "{60CEB6B0-4BDD-4D86-B0D2-62727FCEC143}"
EndProject
Project("{2150E333-8FDC-42A3-9474-1A3956D46DE8}") = "Include", "Include", "{1F92E814-113F-4BD4-90C9-F683B524C877}"
	ProjectSection(SolutionItems) = preProject
		Include\RuntimeVariables.wxi = Include\RuntimeVariables.wxi
		Include\SDKVariables.wxi = Include\SDKVariables.wxi
		Include\Security.ttinclude = Include\Security.ttinclude
		Include\Versions.ttinclude = Include\Versions.ttinclude
	EndProjectSection
EndProject
Project("{2150E333-8FDC-42A3-9474-1A3956D46DE8}") = "ProjectTemplates", "ProjectTemplates", "{9C985B38-0A35-4704-A963-34621C6F0D44}"
EndProject
Project("{2150E333-8FDC-42A3-9474-1A3956D46DE8}") = "Visual Studio 2010", "Visual Studio 2010", "{50F1364F-12DC-4710-B53A-D070179AD5A3}"
EndProject
Project("{2150E333-8FDC-42A3-9474-1A3956D46DE8}") = "CSharp", "CSharp", "{0004233A-CC12-4915-B42C-ECD610A0BAAF}"
EndProject
Project("{2150E333-8FDC-42A3-9474-1A3956D46DE8}") = "1033", "1033", "{D621EEDD-C592-4DA2-84F8-50E02722DC65}"
EndProject
Project("{2150E333-8FDC-42A3-9474-1A3956D46DE8}") = "1049", "1049", "{4979924D-68DF-498A-986A-DF49F82C487F}"
EndProject
Project("{2150E333-8FDC-42A3-9474-1A3956D46DE8}") = "Visual Studio 2012", "Visual Studio 2012", "{DB168CFE-12D6-4653-A587-C306351DA57F}"
EndProject
Project("{2150E333-8FDC-42A3-9474-1A3956D46DE8}") = "CSharp", "CSharp", "{BB2B781B-A0EC-4275-BA37-3784AE07C3FD}"
EndProject
Project("{2150E333-8FDC-42A3-9474-1A3956D46DE8}") = "1033", "1033", "{8D3AD899-AE71-439C-9A21-B1370B1B1E5A}"
EndProject
Project("{2150E333-8FDC-42A3-9474-1A3956D46DE8}") = "1049", "1049", "{9E1DA191-144E-4AAC-B1C8-31A4B831444C}"
EndProject
Project("{FAE04EC0-301F-11D3-BF4B-00C04F79EFBC}") = "VS2010_CSharp_1033_ProjectTemplate", "SDK\MSI\ProjectTemplates\Visual Studio 2010\CSharp\1033\VS2010_CSharp_1033_ProjectTemplate.csproj", "{2C6204BE-67CD-482B-BE93-718067176703}"
EndProject
Project("{FAE04EC0-301F-11D3-BF4B-00C04F79EFBC}") = "VS2010_CSharp_1049_ProjectTemplate", "SDK\MSI\ProjectTemplates\Visual Studio 2010\CSharp\1049\VS2010_CSharp_1049_ProjectTemplate.csproj", "{E95D9C6C-D4E6-45C8-949A-8C8AE51A52CE}"
EndProject
Project("{FAE04EC0-301F-11D3-BF4B-00C04F79EFBC}") = "VS2012_CSharp_1033_ProjectTemplate", "SDK\MSI\ProjectTemplates\Visual Studio 2012\CSharp\1033\VS2012_CSharp_1033_ProjectTemplate.csproj", "{F49F13FE-423B-442B-AFAF-000BC7A601F3}"
EndProject
Project("{FAE04EC0-301F-11D3-BF4B-00C04F79EFBC}") = "VS2012_CSharp_1049_ProjectTemplate", "SDK\MSI\ProjectTemplates\Visual Studio 2012\CSharp\1049\VS2012_CSharp_1049_ProjectTemplate.csproj", "{A7DAEEAB-421F-46A1-8EF0-948DDB998E13}"
EndProject
Project("{2150E333-8FDC-42A3-9474-1A3956D46DE8}") = "ItemTemplates", "ItemTemplates", "{033799A7-E9A4-48F8-9187-621A5FF26FA6}"
EndProject
Project("{2150E333-8FDC-42A3-9474-1A3956D46DE8}") = "Visual Studio 2010", "Visual Studio 2010", "{41B51063-A052-4116-85ED-A6B11B7034BE}"
EndProject
Project("{2150E333-8FDC-42A3-9474-1A3956D46DE8}") = "Visual Studio 2012", "Visual Studio 2012", "{1166B8FE-0FB3-4867-A5BD-6AE6118F6CEF}"
EndProject
Project("{2150E333-8FDC-42A3-9474-1A3956D46DE8}") = "1033", "1033", "{E3E53B2F-1E9B-4C60-A10C-D3D1B7DAD751}"
EndProject
Project("{2150E333-8FDC-42A3-9474-1A3956D46DE8}") = "1049", "1049", "{451149AD-1C30-4428-A72C-873825815442}"
EndProject
Project("{2150E333-8FDC-42A3-9474-1A3956D46DE8}") = "1033", "1033", "{BDE3AE59-B6CC-41A3-B140-8B33CEA8641D}"
EndProject
Project("{2150E333-8FDC-42A3-9474-1A3956D46DE8}") = "1049", "1049", "{39DF9D9D-A405-4416-8F86-DAFB2DAC6F86}"
EndProject
Project("{2150E333-8FDC-42A3-9474-1A3956D46DE8}") = "CSharp", "CSharp", "{D19C6C86-DC16-4F9B-87E7-67C0439A64B6}"
EndProject
Project("{2150E333-8FDC-42A3-9474-1A3956D46DE8}") = "CSharp", "CSharp", "{F7EC7C5F-3215-420C-AF61-518657C88512}"
EndProject
Project("{FAE04EC0-301F-11D3-BF4B-00C04F79EFBC}") = "VS2010_CSharp_1033_ItemTemplate", "SDK\MSI\ItemTemplates\Visual Studio 2010\CSharp\1033\VS2010_CSharp_1033_ItemTemplate.csproj", "{D88E4914-15CE-4B60-9CC3-D937EE451A2F}"
EndProject
Project("{FAE04EC0-301F-11D3-BF4B-00C04F79EFBC}") = "VS2010_CSharp_1049_ItemTemplate", "SDK\MSI\ItemTemplates\Visual Studio 2010\CSharp\1049\VS2010_CSharp_1049_ItemTemplate.csproj", "{AAEC51AE-1DF7-4E5A-98B8-D608B93A51E9}"
EndProject
Project("{FAE04EC0-301F-11D3-BF4B-00C04F79EFBC}") = "VS2012_CSharp_1033_ItemTemplate", "SDK\MSI\ItemTemplates\Visual Studio 2012\CSharp\1033\VS2012_CSharp_1033_ItemTemplate.csproj", "{CC022DF5-0E31-43F8-B95C-C1C802AEB130}"
EndProject
Project("{FAE04EC0-301F-11D3-BF4B-00C04F79EFBC}") = "VS2012_CSharp_1049_ItemTemplate", "SDK\MSI\ItemTemplates\Visual Studio 2012\CSharp\1049\VS2012_CSharp_1049_ItemTemplate.csproj", "{CB55D7CE-4B83-4FC6-A97E-18ED166F3782}"
EndProject
Global
	GlobalSection(TeamFoundationVersionControl) = preSolution
		SccNumberOfProjects = 19
		SccEnterpriseProvider = {4CA58AB2-18FA-4F8D-95D4-32DDF27D184C}
		SccTeamFoundationServer = https://tfs.codeplex.com/tfs/tfs34
		SccLocalPath0 = .
		SccProjectUniqueName1 = Elysium\\Elysium.csproj
		SccProjectName1 = Elysium
		SccLocalPath1 = Elysium
		SccProjectUniqueName2 = Elysium.Notifications\\Elysium.Notifications.csproj
		SccProjectName2 = Elysium.Notifications
		SccLocalPath2 = Elysium.Notifications
		SccProjectUniqueName3 = Elysium.Notifications.Server\\Elysium.Notifications.Server.csproj
		SccProjectName3 = Elysium.Notifications.Server
		SccLocalPath3 = Elysium.Notifications.Server
		SccProjectUniqueName4 = Elysium.Test\\Elysium.Test.csproj
		SccProjectName4 = Elysium.Test
		SccLocalPath4 = Elysium.Test
		SccProjectUniqueName5 = SDK\\MSI\\Elysium.SDK.MSI.wixproj
		SccProjectTopLevelParentUniqueName5 = Elysium\u0020for\u0020.NET\u00204.sln
		SccProjectName5 = SDK/MSI
		SccLocalPath5 = SDK\\MSI
		SccProjectUniqueName6 = Documentation\\ru\\Elysium.shfbproj
		SccProjectTopLevelParentUniqueName6 = Elysium\u0020for\u0020.NET\u00204.sln
		SccProjectName6 = Documentation/ru
		SccLocalPath6 = Documentation\\ru
		SccProjectUniqueName7 = Documentation\\en\\Elysium.shfbproj
		SccProjectTopLevelParentUniqueName7 = Elysium\u0020for\u0020.NET\u00204.sln
		SccProjectName7 = Documentation/en
		SccLocalPath7 = Documentation\\en
		SccProjectUniqueName8 = SDK\\MSI\\UI\\Elysium.SDK.MSI.UI.csproj
		SccProjectTopLevelParentUniqueName8 = Elysium\u0020for\u0020.NET\u00204.sln
		SccProjectName8 = SDK/MSI/UI
		SccLocalPath8 = SDK\\MSI\\UI
		SccProjectUniqueName9 = SDK\\MSI\\Bootstrapper\\Elysium.SDK.MSI.Bootstrapper.wixproj
		SccProjectTopLevelParentUniqueName9 = Elysium\u0020for\u0020.NET\u00204.sln
		SccProjectName9 = SDK/MSI/Bootstrapper
		SccLocalPath9 = SDK\\MSI\\Bootstrapper
		SccProjectUniqueName10 = Runtime\\MSI\\Elysium.Runtime.MSI.wixproj
		SccProjectTopLevelParentUniqueName10 = Elysium\u0020for\u0020.NET\u00204.sln
		SccProjectName10 = Runtime/MSI
		SccLocalPath10 = Runtime\\MSI
		SccProjectUniqueName11 = SDK\\MSI\\ProjectTemplates\\Visual\u0020Studio\u00202010\\CSharp\\1033\\VS2010_CSharp_1033_ProjectTemplate.csproj
		SccProjectTopLevelParentUniqueName11 = Elysium\u0020for\u0020.NET\u00204.sln
		SccProjectName11 = SDK/MSI/ProjectTemplates/Visual\u0020Studio\u00202010/CSharp/1033
		SccLocalPath11 = SDK\\MSI\\ProjectTemplates\\Visual\u0020Studio\u00202010\\CSharp\\1033
		SccProjectUniqueName12 = SDK\\MSI\\ProjectTemplates\\Visual\u0020Studio\u00202010\\CSharp\\1049\\VS2010_CSharp_1049_ProjectTemplate.csproj
		SccProjectTopLevelParentUniqueName12 = Elysium\u0020for\u0020.NET\u00204.sln
		SccProjectName12 = SDK/MSI/ProjectTemplates/Visual\u0020Studio\u00202010/CSharp/1049
		SccLocalPath12 = SDK\\MSI\\ProjectTemplates\\Visual\u0020Studio\u00202010\\CSharp\\1049
		SccProjectUniqueName13 = SDK\\MSI\\ProjectTemplates\\Visual\u0020Studio\u00202012\\CSharp\\1033\\VS2012_CSharp_1033_ProjectTemplate.csproj
		SccProjectTopLevelParentUniqueName13 = Elysium\u0020for\u0020.NET\u00204.sln
		SccProjectName13 = SDK/MSI/ProjectTemplates/Visual\u0020Studio\u00202012/CSharp/1033
		SccLocalPath13 = SDK\\MSI\\ProjectTemplates\\Visual\u0020Studio\u00202012\\CSharp\\1033
		SccProjectUniqueName14 = SDK\\MSI\\ProjectTemplates\\Visual\u0020Studio\u00202012\\CSharp\\1049\\VS2012_CSharp_1049_ProjectTemplate.csproj
		SccProjectTopLevelParentUniqueName14 = Elysium\u0020for\u0020.NET\u00204.sln
		SccProjectName14 = SDK/MSI/ProjectTemplates/Visual\u0020Studio\u00202012/CSharp/1049
		SccLocalPath14 = SDK\\MSI\\ProjectTemplates\\Visual\u0020Studio\u00202012\\CSharp\\1049
		SccProjectUniqueName15 = SDK\\MSI\\ItemTemplates\\Visual\u0020Studio\u00202010\\CSharp\\1033\\VS2010_CSharp_1033_ItemTemplate.csproj
		SccProjectTopLevelParentUniqueName15 = Elysium\u0020for\u0020.NET\u00204.sln
		SccProjectName15 = SDK/MSI/ItemTemplates/Visual\u0020Studio\u00202010/CSharp/1033
		SccLocalPath15 = SDK\\MSI\\ItemTemplates\\Visual\u0020Studio\u00202010\\CSharp\\1033
		SccProjectUniqueName16 = SDK\\MSI\\ItemTemplates\\Visual\u0020Studio\u00202010\\CSharp\\1049\\VS2010_CSharp_1049_ItemTemplate.csproj
		SccProjectTopLevelParentUniqueName16 = Elysium\u0020for\u0020.NET\u00204.sln
		SccProjectName16 = SDK/MSI/ItemTemplates/Visual\u0020Studio\u00202010/CSharp/1049
		SccLocalPath16 = SDK\\MSI\\ItemTemplates\\Visual\u0020Studio\u00202010\\CSharp\\1049
		SccProjectUniqueName17 = SDK\\MSI\\ItemTemplates\\Visual\u0020Studio\u00202012\\CSharp\\1033\\VS2012_CSharp_1033_ItemTemplate.csproj
		SccProjectTopLevelParentUniqueName17 = Elysium\u0020for\u0020.NET\u00204.sln
		SccProjectName17 = SDK/MSI/ItemTemplates/Visual\u0020Studio\u00202012/CSharp/1033
		SccLocalPath17 = SDK\\MSI\\ItemTemplates\\Visual\u0020Studio\u00202012\\CSharp\\1033
		SccProjectUniqueName18 = SDK\\MSI\\ItemTemplates\\Visual\u0020Studio\u00202012\\CSharp\\1049\\VS2012_CSharp_1049_ItemTemplate.csproj
		SccProjectTopLevelParentUniqueName18 = Elysium\u0020for\u0020.NET\u00204.sln
		SccProjectName18 = SDK/MSI/ItemTemplates/Visual\u0020Studio\u00202012/CSharp/1049
		SccLocalPath18 = SDK\\MSI\\ItemTemplates\\Visual\u0020Studio\u00202012\\CSharp\\1049
	EndGlobalSection
	GlobalSection(SolutionConfigurationPlatforms) = preSolution
		Analysis|Any CPU = Analysis|Any CPU
		Analysis|x64 = Analysis|x64
		Analysis|x86 = Analysis|x86
		Debug|Any CPU = Debug|Any CPU
		Debug|x64 = Debug|x64
		Debug|x86 = Debug|x86
		Release|Any CPU = Release|Any CPU
		Release|x64 = Release|x64
		Release|x86 = Release|x86
	EndGlobalSection
	GlobalSection(ProjectConfigurationPlatforms) = postSolution
		{5A65DA67-130D-43D8-9224-4559B523B6D4}.Analysis|Any CPU.ActiveCfg = Analysis|Any CPU
		{5A65DA67-130D-43D8-9224-4559B523B6D4}.Analysis|Any CPU.Build.0 = Analysis|Any CPU
		{5A65DA67-130D-43D8-9224-4559B523B6D4}.Analysis|x64.ActiveCfg = Analysis|Any CPU
		{5A65DA67-130D-43D8-9224-4559B523B6D4}.Analysis|x64.Build.0 = Analysis|Any CPU
		{5A65DA67-130D-43D8-9224-4559B523B6D4}.Analysis|x86.ActiveCfg = Analysis|Any CPU
		{5A65DA67-130D-43D8-9224-4559B523B6D4}.Analysis|x86.Build.0 = Analysis|Any CPU
		{5A65DA67-130D-43D8-9224-4559B523B6D4}.Debug|Any CPU.ActiveCfg = Debug|Any CPU
		{5A65DA67-130D-43D8-9224-4559B523B6D4}.Debug|Any CPU.Build.0 = Debug|Any CPU
		{5A65DA67-130D-43D8-9224-4559B523B6D4}.Debug|x64.ActiveCfg = Debug|Any CPU
		{5A65DA67-130D-43D8-9224-4559B523B6D4}.Debug|x64.Build.0 = Debug|Any CPU
		{5A65DA67-130D-43D8-9224-4559B523B6D4}.Debug|x86.ActiveCfg = Debug|Any CPU
		{5A65DA67-130D-43D8-9224-4559B523B6D4}.Debug|x86.Build.0 = Debug|Any CPU
		{5A65DA67-130D-43D8-9224-4559B523B6D4}.Release|Any CPU.ActiveCfg = Release|Any CPU
		{5A65DA67-130D-43D8-9224-4559B523B6D4}.Release|Any CPU.Build.0 = Release|Any CPU
		{5A65DA67-130D-43D8-9224-4559B523B6D4}.Release|x64.ActiveCfg = Release|Any CPU
		{5A65DA67-130D-43D8-9224-4559B523B6D4}.Release|x64.Build.0 = Release|Any CPU
		{5A65DA67-130D-43D8-9224-4559B523B6D4}.Release|x86.ActiveCfg = Release|Any CPU
		{5A65DA67-130D-43D8-9224-4559B523B6D4}.Release|x86.Build.0 = Release|Any CPU
		{0B85401E-33FA-41EE-9627-8C17DA21505C}.Analysis|Any CPU.ActiveCfg = Release|x86
		{0B85401E-33FA-41EE-9627-8C17DA21505C}.Analysis|x64.ActiveCfg = Release|x64
		{0B85401E-33FA-41EE-9627-8C17DA21505C}.Analysis|x86.ActiveCfg = Release|x86
		{0B85401E-33FA-41EE-9627-8C17DA21505C}.Debug|Any CPU.ActiveCfg = Debug|x86
		{0B85401E-33FA-41EE-9627-8C17DA21505C}.Debug|Any CPU.Build.0 = Debug|x86
		{0B85401E-33FA-41EE-9627-8C17DA21505C}.Debug|x64.ActiveCfg = Debug|x64
		{0B85401E-33FA-41EE-9627-8C17DA21505C}.Debug|x64.Build.0 = Debug|x64
		{0B85401E-33FA-41EE-9627-8C17DA21505C}.Debug|x86.ActiveCfg = Debug|x86
		{0B85401E-33FA-41EE-9627-8C17DA21505C}.Debug|x86.Build.0 = Debug|x86
		{0B85401E-33FA-41EE-9627-8C17DA21505C}.Release|Any CPU.ActiveCfg = Release|x86
		{0B85401E-33FA-41EE-9627-8C17DA21505C}.Release|Any CPU.Build.0 = Release|x86
		{0B85401E-33FA-41EE-9627-8C17DA21505C}.Release|x64.ActiveCfg = Release|x64
		{0B85401E-33FA-41EE-9627-8C17DA21505C}.Release|x64.Build.0 = Release|x64
		{0B85401E-33FA-41EE-9627-8C17DA21505C}.Release|x86.ActiveCfg = Release|x86
		{0B85401E-33FA-41EE-9627-8C17DA21505C}.Release|x86.Build.0 = Release|x86
		{E994DC8C-98CB-4F53-8A27-0CA80EE9E78B}.Analysis|Any CPU.ActiveCfg = Release|x86
		{E994DC8C-98CB-4F53-8A27-0CA80EE9E78B}.Analysis|x64.ActiveCfg = Release|x64
		{E994DC8C-98CB-4F53-8A27-0CA80EE9E78B}.Analysis|x86.ActiveCfg = Release|x86
		{E994DC8C-98CB-4F53-8A27-0CA80EE9E78B}.Debug|Any CPU.ActiveCfg = Debug|x86
		{E994DC8C-98CB-4F53-8A27-0CA80EE9E78B}.Debug|Any CPU.Build.0 = Debug|x86
		{E994DC8C-98CB-4F53-8A27-0CA80EE9E78B}.Debug|x64.ActiveCfg = Debug|x64
		{E994DC8C-98CB-4F53-8A27-0CA80EE9E78B}.Debug|x64.Build.0 = Debug|x64
		{E994DC8C-98CB-4F53-8A27-0CA80EE9E78B}.Debug|x86.ActiveCfg = Debug|x86
		{E994DC8C-98CB-4F53-8A27-0CA80EE9E78B}.Debug|x86.Build.0 = Debug|x86
		{E994DC8C-98CB-4F53-8A27-0CA80EE9E78B}.Release|Any CPU.ActiveCfg = Release|x86
		{E994DC8C-98CB-4F53-8A27-0CA80EE9E78B}.Release|Any CPU.Build.0 = Release|x86
		{E994DC8C-98CB-4F53-8A27-0CA80EE9E78B}.Release|x64.ActiveCfg = Release|x64
		{E994DC8C-98CB-4F53-8A27-0CA80EE9E78B}.Release|x64.Build.0 = Release|x64
		{E994DC8C-98CB-4F53-8A27-0CA80EE9E78B}.Release|x86.ActiveCfg = Release|x86
		{E994DC8C-98CB-4F53-8A27-0CA80EE9E78B}.Release|x86.Build.0 = Release|x86
		{32D6CB94-F07A-4D84-A5E0-376E51EDFF1D}.Analysis|Any CPU.ActiveCfg = Analysis|Any CPU
		{32D6CB94-F07A-4D84-A5E0-376E51EDFF1D}.Analysis|Any CPU.Build.0 = Analysis|Any CPU
		{32D6CB94-F07A-4D84-A5E0-376E51EDFF1D}.Analysis|x64.ActiveCfg = Analysis|Any CPU
		{32D6CB94-F07A-4D84-A5E0-376E51EDFF1D}.Analysis|x64.Build.0 = Analysis|Any CPU
		{32D6CB94-F07A-4D84-A5E0-376E51EDFF1D}.Analysis|x86.ActiveCfg = Analysis|Any CPU
		{32D6CB94-F07A-4D84-A5E0-376E51EDFF1D}.Analysis|x86.Build.0 = Analysis|Any CPU
		{32D6CB94-F07A-4D84-A5E0-376E51EDFF1D}.Debug|Any CPU.ActiveCfg = Debug|Any CPU
		{32D6CB94-F07A-4D84-A5E0-376E51EDFF1D}.Debug|Any CPU.Build.0 = Debug|Any CPU
		{32D6CB94-F07A-4D84-A5E0-376E51EDFF1D}.Debug|x64.ActiveCfg = Debug|Any CPU
		{32D6CB94-F07A-4D84-A5E0-376E51EDFF1D}.Debug|x64.Build.0 = Debug|Any CPU
		{32D6CB94-F07A-4D84-A5E0-376E51EDFF1D}.Debug|x86.ActiveCfg = Debug|Any CPU
		{32D6CB94-F07A-4D84-A5E0-376E51EDFF1D}.Debug|x86.Build.0 = Debug|Any CPU
		{32D6CB94-F07A-4D84-A5E0-376E51EDFF1D}.Release|Any CPU.ActiveCfg = Release|Any CPU
		{32D6CB94-F07A-4D84-A5E0-376E51EDFF1D}.Release|Any CPU.Build.0 = Release|Any CPU
		{32D6CB94-F07A-4D84-A5E0-376E51EDFF1D}.Release|x64.ActiveCfg = Release|Any CPU
		{32D6CB94-F07A-4D84-A5E0-376E51EDFF1D}.Release|x64.Build.0 = Release|Any CPU
		{32D6CB94-F07A-4D84-A5E0-376E51EDFF1D}.Release|x86.ActiveCfg = Release|Any CPU
		{32D6CB94-F07A-4D84-A5E0-376E51EDFF1D}.Release|x86.Build.0 = Release|Any CPU
		{88863322-5F6C-4933-A712-ECA1424A5711}.Analysis|Any CPU.ActiveCfg = Release|x86
		{88863322-5F6C-4933-A712-ECA1424A5711}.Analysis|x64.ActiveCfg = Release|x64
		{88863322-5F6C-4933-A712-ECA1424A5711}.Analysis|x86.ActiveCfg = Release|x86
		{88863322-5F6C-4933-A712-ECA1424A5711}.Debug|Any CPU.ActiveCfg = Debug|x86
		{88863322-5F6C-4933-A712-ECA1424A5711}.Debug|Any CPU.Build.0 = Debug|x86
		{88863322-5F6C-4933-A712-ECA1424A5711}.Debug|x64.ActiveCfg = Debug|x64
		{88863322-5F6C-4933-A712-ECA1424A5711}.Debug|x64.Build.0 = Debug|x64
		{88863322-5F6C-4933-A712-ECA1424A5711}.Debug|x86.ActiveCfg = Debug|x86
		{88863322-5F6C-4933-A712-ECA1424A5711}.Debug|x86.Build.0 = Debug|x86
		{88863322-5F6C-4933-A712-ECA1424A5711}.Release|Any CPU.ActiveCfg = Release|x86
		{88863322-5F6C-4933-A712-ECA1424A5711}.Release|Any CPU.Build.0 = Release|x86
		{88863322-5F6C-4933-A712-ECA1424A5711}.Release|x64.ActiveCfg = Release|x64
		{88863322-5F6C-4933-A712-ECA1424A5711}.Release|x64.Build.0 = Release|x64
		{88863322-5F6C-4933-A712-ECA1424A5711}.Release|x86.ActiveCfg = Release|x86
		{88863322-5F6C-4933-A712-ECA1424A5711}.Release|x86.Build.0 = Release|x86
		{2ED0B9E6-AB08-4358-9F10-8EA35FA37366}.Analysis|Any CPU.ActiveCfg = Debug|Any CPU
		{2ED0B9E6-AB08-4358-9F10-8EA35FA37366}.Analysis|x64.ActiveCfg = Debug|Any CPU
		{2ED0B9E6-AB08-4358-9F10-8EA35FA37366}.Analysis|x86.ActiveCfg = Debug|Any CPU
		{2ED0B9E6-AB08-4358-9F10-8EA35FA37366}.Debug|Any CPU.ActiveCfg = Debug|Any CPU
		{2ED0B9E6-AB08-4358-9F10-8EA35FA37366}.Debug|Any CPU.Build.0 = Debug|Any CPU
		{2ED0B9E6-AB08-4358-9F10-8EA35FA37366}.Debug|x64.ActiveCfg = Debug|Any CPU
		{2ED0B9E6-AB08-4358-9F10-8EA35FA37366}.Debug|x64.Build.0 = Debug|Any CPU
		{2ED0B9E6-AB08-4358-9F10-8EA35FA37366}.Debug|x86.ActiveCfg = Debug|Any CPU
		{2ED0B9E6-AB08-4358-9F10-8EA35FA37366}.Debug|x86.Build.0 = Debug|Any CPU
		{2ED0B9E6-AB08-4358-9F10-8EA35FA37366}.Release|Any CPU.ActiveCfg = Debug|Any CPU
		{2ED0B9E6-AB08-4358-9F10-8EA35FA37366}.Release|Any CPU.Build.0 = Debug|Any CPU
		{2ED0B9E6-AB08-4358-9F10-8EA35FA37366}.Release|x64.ActiveCfg = Debug|Any CPU
		{2ED0B9E6-AB08-4358-9F10-8EA35FA37366}.Release|x64.Build.0 = Debug|Any CPU
		{2ED0B9E6-AB08-4358-9F10-8EA35FA37366}.Release|x86.ActiveCfg = Debug|Any CPU
		{2ED0B9E6-AB08-4358-9F10-8EA35FA37366}.Release|x86.Build.0 = Debug|Any CPU
		{E7B526D2-B5CC-4019-9AC8-F8B91F021A82}.Analysis|Any CPU.ActiveCfg = Debug|Any CPU
		{E7B526D2-B5CC-4019-9AC8-F8B91F021A82}.Analysis|x64.ActiveCfg = Debug|Any CPU
		{E7B526D2-B5CC-4019-9AC8-F8B91F021A82}.Analysis|x86.ActiveCfg = Debug|Any CPU
		{E7B526D2-B5CC-4019-9AC8-F8B91F021A82}.Debug|Any CPU.ActiveCfg = Debug|Any CPU
		{E7B526D2-B5CC-4019-9AC8-F8B91F021A82}.Debug|Any CPU.Build.0 = Debug|Any CPU
		{E7B526D2-B5CC-4019-9AC8-F8B91F021A82}.Debug|x64.ActiveCfg = Debug|Any CPU
		{E7B526D2-B5CC-4019-9AC8-F8B91F021A82}.Debug|x64.Build.0 = Debug|Any CPU
		{E7B526D2-B5CC-4019-9AC8-F8B91F021A82}.Debug|x86.ActiveCfg = Debug|Any CPU
		{E7B526D2-B5CC-4019-9AC8-F8B91F021A82}.Debug|x86.Build.0 = Debug|Any CPU
		{E7B526D2-B5CC-4019-9AC8-F8B91F021A82}.Release|Any CPU.ActiveCfg = Debug|Any CPU
		{E7B526D2-B5CC-4019-9AC8-F8B91F021A82}.Release|Any CPU.Build.0 = Debug|Any CPU
		{E7B526D2-B5CC-4019-9AC8-F8B91F021A82}.Release|x64.ActiveCfg = Debug|Any CPU
		{E7B526D2-B5CC-4019-9AC8-F8B91F021A82}.Release|x64.Build.0 = Debug|Any CPU
		{E7B526D2-B5CC-4019-9AC8-F8B91F021A82}.Release|x86.ActiveCfg = Debug|Any CPU
		{E7B526D2-B5CC-4019-9AC8-F8B91F021A82}.Release|x86.Build.0 = Debug|Any CPU
		{07D90C48-77CF-43F6-83FE-1AEBA889470A}.Analysis|Any CPU.ActiveCfg = Release|Any CPU
		{07D90C48-77CF-43F6-83FE-1AEBA889470A}.Analysis|x64.ActiveCfg = Release|Any CPU
		{07D90C48-77CF-43F6-83FE-1AEBA889470A}.Analysis|x86.ActiveCfg = Release|Any CPU
		{07D90C48-77CF-43F6-83FE-1AEBA889470A}.Debug|Any CPU.ActiveCfg = Debug|Any CPU
		{07D90C48-77CF-43F6-83FE-1AEBA889470A}.Debug|Any CPU.Build.0 = Debug|Any CPU
		{07D90C48-77CF-43F6-83FE-1AEBA889470A}.Debug|x64.ActiveCfg = Debug|Any CPU
		{07D90C48-77CF-43F6-83FE-1AEBA889470A}.Debug|x64.Build.0 = Debug|Any CPU
		{07D90C48-77CF-43F6-83FE-1AEBA889470A}.Debug|x86.ActiveCfg = Debug|Any CPU
		{07D90C48-77CF-43F6-83FE-1AEBA889470A}.Debug|x86.Build.0 = Debug|Any CPU
		{07D90C48-77CF-43F6-83FE-1AEBA889470A}.Release|Any CPU.ActiveCfg = Release|Any CPU
		{07D90C48-77CF-43F6-83FE-1AEBA889470A}.Release|Any CPU.Build.0 = Release|Any CPU
		{07D90C48-77CF-43F6-83FE-1AEBA889470A}.Release|x64.ActiveCfg = Release|Any CPU
		{07D90C48-77CF-43F6-83FE-1AEBA889470A}.Release|x64.Build.0 = Release|Any CPU
		{07D90C48-77CF-43F6-83FE-1AEBA889470A}.Release|x86.ActiveCfg = Release|Any CPU
		{07D90C48-77CF-43F6-83FE-1AEBA889470A}.Release|x86.Build.0 = Release|Any CPU
		{A72E82C8-5E75-4178-8EDC-6FE3E2B4314F}.Analysis|Any CPU.ActiveCfg = Release|x86
		{A72E82C8-5E75-4178-8EDC-6FE3E2B4314F}.Analysis|x64.ActiveCfg = Release|x64
		{A72E82C8-5E75-4178-8EDC-6FE3E2B4314F}.Analysis|x86.ActiveCfg = Release|x86
		{A72E82C8-5E75-4178-8EDC-6FE3E2B4314F}.Debug|Any CPU.ActiveCfg = Debug|x86
		{A72E82C8-5E75-4178-8EDC-6FE3E2B4314F}.Debug|Any CPU.Build.0 = Debug|x86
		{A72E82C8-5E75-4178-8EDC-6FE3E2B4314F}.Debug|x64.ActiveCfg = Debug|x64
		{A72E82C8-5E75-4178-8EDC-6FE3E2B4314F}.Debug|x64.Build.0 = Debug|x64
		{A72E82C8-5E75-4178-8EDC-6FE3E2B4314F}.Debug|x86.ActiveCfg = Debug|x86
		{A72E82C8-5E75-4178-8EDC-6FE3E2B4314F}.Debug|x86.Build.0 = Debug|x86
		{A72E82C8-5E75-4178-8EDC-6FE3E2B4314F}.Release|Any CPU.ActiveCfg = Release|x86
		{A72E82C8-5E75-4178-8EDC-6FE3E2B4314F}.Release|Any CPU.Build.0 = Release|x86
		{A72E82C8-5E75-4178-8EDC-6FE3E2B4314F}.Release|x64.ActiveCfg = Release|x64
		{A72E82C8-5E75-4178-8EDC-6FE3E2B4314F}.Release|x64.Build.0 = Release|x64
		{A72E82C8-5E75-4178-8EDC-6FE3E2B4314F}.Release|x86.ActiveCfg = Release|x86
		{A72E82C8-5E75-4178-8EDC-6FE3E2B4314F}.Release|x86.Build.0 = Release|x86
		{60CEB6B0-4BDD-4D86-B0D2-62727FCEC143}.Analysis|Any CPU.ActiveCfg = Release|x86
		{60CEB6B0-4BDD-4D86-B0D2-62727FCEC143}.Analysis|x64.ActiveCfg = Release|x64
		{60CEB6B0-4BDD-4D86-B0D2-62727FCEC143}.Analysis|x86.ActiveCfg = Release|x86
		{60CEB6B0-4BDD-4D86-B0D2-62727FCEC143}.Debug|Any CPU.ActiveCfg = Debug|x86
		{60CEB6B0-4BDD-4D86-B0D2-62727FCEC143}.Debug|Any CPU.Build.0 = Debug|x86
		{60CEB6B0-4BDD-4D86-B0D2-62727FCEC143}.Debug|x64.ActiveCfg = Debug|x64
		{60CEB6B0-4BDD-4D86-B0D2-62727FCEC143}.Debug|x64.Build.0 = Debug|x64
		{60CEB6B0-4BDD-4D86-B0D2-62727FCEC143}.Debug|x86.ActiveCfg = Debug|x86
		{60CEB6B0-4BDD-4D86-B0D2-62727FCEC143}.Debug|x86.Build.0 = Debug|x86
		{60CEB6B0-4BDD-4D86-B0D2-62727FCEC143}.Release|Any CPU.ActiveCfg = Release|x86
		{60CEB6B0-4BDD-4D86-B0D2-62727FCEC143}.Release|Any CPU.Build.0 = Release|x86
		{60CEB6B0-4BDD-4D86-B0D2-62727FCEC143}.Release|x64.ActiveCfg = Release|x64
		{60CEB6B0-4BDD-4D86-B0D2-62727FCEC143}.Release|x64.Build.0 = Release|x64
		{60CEB6B0-4BDD-4D86-B0D2-62727FCEC143}.Release|x86.ActiveCfg = Release|x86
		{60CEB6B0-4BDD-4D86-B0D2-62727FCEC143}.Release|x86.Build.0 = Release|x86
		{2C6204BE-67CD-482B-BE93-718067176703}.Analysis|Any CPU.ActiveCfg = Release|Any CPU
		{2C6204BE-67CD-482B-BE93-718067176703}.Analysis|x64.ActiveCfg = Release|Any CPU
		{2C6204BE-67CD-482B-BE93-718067176703}.Analysis|x86.ActiveCfg = Release|Any CPU
		{2C6204BE-67CD-482B-BE93-718067176703}.Debug|Any CPU.ActiveCfg = Debug|Any CPU
		{2C6204BE-67CD-482B-BE93-718067176703}.Debug|Any CPU.Build.0 = Debug|Any CPU
		{2C6204BE-67CD-482B-BE93-718067176703}.Debug|x64.ActiveCfg = Debug|Any CPU
		{2C6204BE-67CD-482B-BE93-718067176703}.Debug|x64.Build.0 = Debug|Any CPU
		{2C6204BE-67CD-482B-BE93-718067176703}.Debug|x86.ActiveCfg = Debug|Any CPU
		{2C6204BE-67CD-482B-BE93-718067176703}.Debug|x86.Build.0 = Debug|Any CPU
		{2C6204BE-67CD-482B-BE93-718067176703}.Release|Any CPU.ActiveCfg = Release|Any CPU
		{2C6204BE-67CD-482B-BE93-718067176703}.Release|Any CPU.Build.0 = Release|Any CPU
		{2C6204BE-67CD-482B-BE93-718067176703}.Release|x64.ActiveCfg = Release|Any CPU
		{2C6204BE-67CD-482B-BE93-718067176703}.Release|x64.Build.0 = Release|Any CPU
		{2C6204BE-67CD-482B-BE93-718067176703}.Release|x86.ActiveCfg = Release|Any CPU
		{2C6204BE-67CD-482B-BE93-718067176703}.Release|x86.Build.0 = Release|Any CPU
		{E95D9C6C-D4E6-45C8-949A-8C8AE51A52CE}.Analysis|Any CPU.ActiveCfg = Release|Any CPU
		{E95D9C6C-D4E6-45C8-949A-8C8AE51A52CE}.Analysis|x64.ActiveCfg = Release|Any CPU
		{E95D9C6C-D4E6-45C8-949A-8C8AE51A52CE}.Analysis|x86.ActiveCfg = Release|Any CPU
		{E95D9C6C-D4E6-45C8-949A-8C8AE51A52CE}.Debug|Any CPU.ActiveCfg = Debug|Any CPU
		{E95D9C6C-D4E6-45C8-949A-8C8AE51A52CE}.Debug|Any CPU.Build.0 = Debug|Any CPU
		{E95D9C6C-D4E6-45C8-949A-8C8AE51A52CE}.Debug|x64.ActiveCfg = Debug|Any CPU
		{E95D9C6C-D4E6-45C8-949A-8C8AE51A52CE}.Debug|x64.Build.0 = Debug|Any CPU
		{E95D9C6C-D4E6-45C8-949A-8C8AE51A52CE}.Debug|x86.ActiveCfg = Debug|Any CPU
		{E95D9C6C-D4E6-45C8-949A-8C8AE51A52CE}.Debug|x86.Build.0 = Debug|Any CPU
		{E95D9C6C-D4E6-45C8-949A-8C8AE51A52CE}.Release|Any CPU.ActiveCfg = Release|Any CPU
		{E95D9C6C-D4E6-45C8-949A-8C8AE51A52CE}.Release|Any CPU.Build.0 = Release|Any CPU
		{E95D9C6C-D4E6-45C8-949A-8C8AE51A52CE}.Release|x64.ActiveCfg = Release|Any CPU
		{E95D9C6C-D4E6-45C8-949A-8C8AE51A52CE}.Release|x64.Build.0 = Release|Any CPU
		{E95D9C6C-D4E6-45C8-949A-8C8AE51A52CE}.Release|x86.ActiveCfg = Release|Any CPU
		{E95D9C6C-D4E6-45C8-949A-8C8AE51A52CE}.Release|x86.Build.0 = Release|Any CPU
		{F49F13FE-423B-442B-AFAF-000BC7A601F3}.Analysis|Any CPU.ActiveCfg = Release|Any CPU
		{F49F13FE-423B-442B-AFAF-000BC7A601F3}.Analysis|x64.ActiveCfg = Release|Any CPU
		{F49F13FE-423B-442B-AFAF-000BC7A601F3}.Analysis|x86.ActiveCfg = Release|Any CPU
		{F49F13FE-423B-442B-AFAF-000BC7A601F3}.Debug|Any CPU.ActiveCfg = Debug|Any CPU
		{F49F13FE-423B-442B-AFAF-000BC7A601F3}.Debug|Any CPU.Build.0 = Debug|Any CPU
		{F49F13FE-423B-442B-AFAF-000BC7A601F3}.Debug|x64.ActiveCfg = Debug|Any CPU
		{F49F13FE-423B-442B-AFAF-000BC7A601F3}.Debug|x64.Build.0 = Debug|Any CPU
		{F49F13FE-423B-442B-AFAF-000BC7A601F3}.Debug|x86.ActiveCfg = Debug|Any CPU
		{F49F13FE-423B-442B-AFAF-000BC7A601F3}.Debug|x86.Build.0 = Debug|Any CPU
		{F49F13FE-423B-442B-AFAF-000BC7A601F3}.Release|Any CPU.ActiveCfg = Release|Any CPU
		{F49F13FE-423B-442B-AFAF-000BC7A601F3}.Release|Any CPU.Build.0 = Release|Any CPU
		{F49F13FE-423B-442B-AFAF-000BC7A601F3}.Release|x64.ActiveCfg = Release|Any CPU
		{F49F13FE-423B-442B-AFAF-000BC7A601F3}.Release|x64.Build.0 = Release|Any CPU
		{F49F13FE-423B-442B-AFAF-000BC7A601F3}.Release|x86.ActiveCfg = Release|Any CPU
		{F49F13FE-423B-442B-AFAF-000BC7A601F3}.Release|x86.Build.0 = Release|Any CPU
		{A7DAEEAB-421F-46A1-8EF0-948DDB998E13}.Analysis|Any CPU.ActiveCfg = Release|Any CPU
		{A7DAEEAB-421F-46A1-8EF0-948DDB998E13}.Analysis|x64.ActiveCfg = Release|Any CPU
		{A7DAEEAB-421F-46A1-8EF0-948DDB998E13}.Analysis|x86.ActiveCfg = Release|Any CPU
		{A7DAEEAB-421F-46A1-8EF0-948DDB998E13}.Debug|Any CPU.ActiveCfg = Debug|Any CPU
		{A7DAEEAB-421F-46A1-8EF0-948DDB998E13}.Debug|Any CPU.Build.0 = Debug|Any CPU
		{A7DAEEAB-421F-46A1-8EF0-948DDB998E13}.Debug|x64.ActiveCfg = Debug|Any CPU
		{A7DAEEAB-421F-46A1-8EF0-948DDB998E13}.Debug|x64.Build.0 = Debug|Any CPU
		{A7DAEEAB-421F-46A1-8EF0-948DDB998E13}.Debug|x86.ActiveCfg = Debug|Any CPU
		{A7DAEEAB-421F-46A1-8EF0-948DDB998E13}.Debug|x86.Build.0 = Debug|Any CPU
		{A7DAEEAB-421F-46A1-8EF0-948DDB998E13}.Release|Any CPU.ActiveCfg = Release|Any CPU
		{A7DAEEAB-421F-46A1-8EF0-948DDB998E13}.Release|Any CPU.Build.0 = Release|Any CPU
		{A7DAEEAB-421F-46A1-8EF0-948DDB998E13}.Release|x64.ActiveCfg = Release|Any CPU
		{A7DAEEAB-421F-46A1-8EF0-948DDB998E13}.Release|x64.Build.0 = Release|Any CPU
		{A7DAEEAB-421F-46A1-8EF0-948DDB998E13}.Release|x86.ActiveCfg = Release|Any CPU
		{A7DAEEAB-421F-46A1-8EF0-948DDB998E13}.Release|x86.Build.0 = Release|Any CPU
		{D88E4914-15CE-4B60-9CC3-D937EE451A2F}.Analysis|Any CPU.ActiveCfg = Release|Any CPU
		{D88E4914-15CE-4B60-9CC3-D937EE451A2F}.Analysis|x64.ActiveCfg = Release|Any CPU
		{D88E4914-15CE-4B60-9CC3-D937EE451A2F}.Analysis|x86.ActiveCfg = Release|Any CPU
		{D88E4914-15CE-4B60-9CC3-D937EE451A2F}.Debug|Any CPU.ActiveCfg = Debug|Any CPU
		{D88E4914-15CE-4B60-9CC3-D937EE451A2F}.Debug|Any CPU.Build.0 = Debug|Any CPU
		{D88E4914-15CE-4B60-9CC3-D937EE451A2F}.Debug|x64.ActiveCfg = Debug|Any CPU
		{D88E4914-15CE-4B60-9CC3-D937EE451A2F}.Debug|x64.Build.0 = Debug|Any CPU
		{D88E4914-15CE-4B60-9CC3-D937EE451A2F}.Debug|x86.ActiveCfg = Debug|Any CPU
		{D88E4914-15CE-4B60-9CC3-D937EE451A2F}.Debug|x86.Build.0 = Debug|Any CPU
		{D88E4914-15CE-4B60-9CC3-D937EE451A2F}.Release|Any CPU.ActiveCfg = Release|Any CPU
		{D88E4914-15CE-4B60-9CC3-D937EE451A2F}.Release|Any CPU.Build.0 = Release|Any CPU
		{D88E4914-15CE-4B60-9CC3-D937EE451A2F}.Release|x64.ActiveCfg = Release|Any CPU
		{D88E4914-15CE-4B60-9CC3-D937EE451A2F}.Release|x64.Build.0 = Release|Any CPU
		{D88E4914-15CE-4B60-9CC3-D937EE451A2F}.Release|x86.ActiveCfg = Release|Any CPU
		{D88E4914-15CE-4B60-9CC3-D937EE451A2F}.Release|x86.Build.0 = Release|Any CPU
		{AAEC51AE-1DF7-4E5A-98B8-D608B93A51E9}.Analysis|Any CPU.ActiveCfg = Release|Any CPU
		{AAEC51AE-1DF7-4E5A-98B8-D608B93A51E9}.Analysis|x64.ActiveCfg = Release|Any CPU
		{AAEC51AE-1DF7-4E5A-98B8-D608B93A51E9}.Analysis|x86.ActiveCfg = Release|Any CPU
		{AAEC51AE-1DF7-4E5A-98B8-D608B93A51E9}.Debug|Any CPU.ActiveCfg = Debug|Any CPU
		{AAEC51AE-1DF7-4E5A-98B8-D608B93A51E9}.Debug|Any CPU.Build.0 = Debug|Any CPU
		{AAEC51AE-1DF7-4E5A-98B8-D608B93A51E9}.Debug|x64.ActiveCfg = Debug|Any CPU
		{AAEC51AE-1DF7-4E5A-98B8-D608B93A51E9}.Debug|x64.Build.0 = Debug|Any CPU
		{AAEC51AE-1DF7-4E5A-98B8-D608B93A51E9}.Debug|x86.ActiveCfg = Debug|Any CPU
		{AAEC51AE-1DF7-4E5A-98B8-D608B93A51E9}.Debug|x86.Build.0 = Debug|Any CPU
		{AAEC51AE-1DF7-4E5A-98B8-D608B93A51E9}.Release|Any CPU.ActiveCfg = Release|Any CPU
		{AAEC51AE-1DF7-4E5A-98B8-D608B93A51E9}.Release|Any CPU.Build.0 = Release|Any CPU
		{AAEC51AE-1DF7-4E5A-98B8-D608B93A51E9}.Release|x64.ActiveCfg = Release|Any CPU
		{AAEC51AE-1DF7-4E5A-98B8-D608B93A51E9}.Release|x64.Build.0 = Release|Any CPU
		{AAEC51AE-1DF7-4E5A-98B8-D608B93A51E9}.Release|x86.ActiveCfg = Release|Any CPU
		{AAEC51AE-1DF7-4E5A-98B8-D608B93A51E9}.Release|x86.Build.0 = Release|Any CPU
		{CC022DF5-0E31-43F8-B95C-C1C802AEB130}.Analysis|Any CPU.ActiveCfg = Release|Any CPU
		{CC022DF5-0E31-43F8-B95C-C1C802AEB130}.Analysis|x64.ActiveCfg = Release|Any CPU
		{CC022DF5-0E31-43F8-B95C-C1C802AEB130}.Analysis|x86.ActiveCfg = Release|Any CPU
		{CC022DF5-0E31-43F8-B95C-C1C802AEB130}.Debug|Any CPU.ActiveCfg = Debug|Any CPU
		{CC022DF5-0E31-43F8-B95C-C1C802AEB130}.Debug|Any CPU.Build.0 = Debug|Any CPU
		{CC022DF5-0E31-43F8-B95C-C1C802AEB130}.Debug|x64.ActiveCfg = Debug|Any CPU
		{CC022DF5-0E31-43F8-B95C-C1C802AEB130}.Debug|x64.Build.0 = Debug|Any CPU
		{CC022DF5-0E31-43F8-B95C-C1C802AEB130}.Debug|x86.ActiveCfg = Debug|Any CPU
		{CC022DF5-0E31-43F8-B95C-C1C802AEB130}.Debug|x86.Build.0 = Debug|Any CPU
		{CC022DF5-0E31-43F8-B95C-C1C802AEB130}.Release|Any CPU.ActiveCfg = Release|Any CPU
		{CC022DF5-0E31-43F8-B95C-C1C802AEB130}.Release|Any CPU.Build.0 = Release|Any CPU
		{CC022DF5-0E31-43F8-B95C-C1C802AEB130}.Release|x64.ActiveCfg = Release|Any CPU
		{CC022DF5-0E31-43F8-B95C-C1C802AEB130}.Release|x64.Build.0 = Release|Any CPU
		{CC022DF5-0E31-43F8-B95C-C1C802AEB130}.Release|x86.ActiveCfg = Release|Any CPU
		{CC022DF5-0E31-43F8-B95C-C1C802AEB130}.Release|x86.Build.0 = Release|Any CPU
		{CB55D7CE-4B83-4FC6-A97E-18ED166F3782}.Analysis|Any CPU.ActiveCfg = Release|Any CPU
		{CB55D7CE-4B83-4FC6-A97E-18ED166F3782}.Analysis|x64.ActiveCfg = Release|Any CPU
		{CB55D7CE-4B83-4FC6-A97E-18ED166F3782}.Analysis|x86.ActiveCfg = Release|Any CPU
		{CB55D7CE-4B83-4FC6-A97E-18ED166F3782}.Debug|Any CPU.ActiveCfg = Debug|Any CPU
		{CB55D7CE-4B83-4FC6-A97E-18ED166F3782}.Debug|Any CPU.Build.0 = Debug|Any CPU
		{CB55D7CE-4B83-4FC6-A97E-18ED166F3782}.Debug|x64.ActiveCfg = Debug|Any CPU
		{CB55D7CE-4B83-4FC6-A97E-18ED166F3782}.Debug|x64.Build.0 = Debug|Any CPU
		{CB55D7CE-4B83-4FC6-A97E-18ED166F3782}.Debug|x86.ActiveCfg = Debug|Any CPU
		{CB55D7CE-4B83-4FC6-A97E-18ED166F3782}.Debug|x86.Build.0 = Debug|Any CPU
		{CB55D7CE-4B83-4FC6-A97E-18ED166F3782}.Release|Any CPU.ActiveCfg = Release|Any CPU
		{CB55D7CE-4B83-4FC6-A97E-18ED166F3782}.Release|Any CPU.Build.0 = Release|Any CPU
		{CB55D7CE-4B83-4FC6-A97E-18ED166F3782}.Release|x64.ActiveCfg = Release|Any CPU
		{CB55D7CE-4B83-4FC6-A97E-18ED166F3782}.Release|x64.Build.0 = Release|Any CPU
		{CB55D7CE-4B83-4FC6-A97E-18ED166F3782}.Release|x86.ActiveCfg = Release|Any CPU
		{CB55D7CE-4B83-4FC6-A97E-18ED166F3782}.Release|x86.Build.0 = Release|Any CPU
	EndGlobalSection
	GlobalSection(SolutionProperties) = preSolution
		HideSolutionNode = FALSE
	EndGlobalSection
	GlobalSection(NestedProjects) = preSolution
		{88863322-5F6C-4933-A712-ECA1424A5711} = {FA20A796-1C37-43CC-B132-22B8AEF918FC}
		{07D90C48-77CF-43F6-83FE-1AEBA889470A} = {FA20A796-1C37-43CC-B132-22B8AEF918FC}
		{A72E82C8-5E75-4178-8EDC-6FE3E2B4314F} = {FA20A796-1C37-43CC-B132-22B8AEF918FC}
		{9C985B38-0A35-4704-A963-34621C6F0D44} = {FA20A796-1C37-43CC-B132-22B8AEF918FC}
		{033799A7-E9A4-48F8-9187-621A5FF26FA6} = {FA20A796-1C37-43CC-B132-22B8AEF918FC}
		{B95FB9C4-018A-4EA4-92FD-7C486B7E77F1} = {1E7E4B07-9758-4F25-96B6-5BD434317EAA}
		{4A10A4A4-AEA2-480E-A6F9-C8D890E0E7C0} = {1E7E4B07-9758-4F25-96B6-5BD434317EAA}
		{2ED0B9E6-AB08-4358-9F10-8EA35FA37366} = {B95FB9C4-018A-4EA4-92FD-7C486B7E77F1}
		{E7B526D2-B5CC-4019-9AC8-F8B91F021A82} = {4A10A4A4-AEA2-480E-A6F9-C8D890E0E7C0}
		{60CEB6B0-4BDD-4D86-B0D2-62727FCEC143} = {EF782CB5-0B09-44BE-8515-5BD0B6ADB927}
		{50F1364F-12DC-4710-B53A-D070179AD5A3} = {9C985B38-0A35-4704-A963-34621C6F0D44}
		{DB168CFE-12D6-4653-A587-C306351DA57F} = {9C985B38-0A35-4704-A963-34621C6F0D44}
		{0004233A-CC12-4915-B42C-ECD610A0BAAF} = {50F1364F-12DC-4710-B53A-D070179AD5A3}
		{D621EEDD-C592-4DA2-84F8-50E02722DC65} = {0004233A-CC12-4915-B42C-ECD610A0BAAF}
		{4979924D-68DF-498A-986A-DF49F82C487F} = {0004233A-CC12-4915-B42C-ECD610A0BAAF}
		{2C6204BE-67CD-482B-BE93-718067176703} = {D621EEDD-C592-4DA2-84F8-50E02722DC65}
		{E95D9C6C-D4E6-45C8-949A-8C8AE51A52CE} = {4979924D-68DF-498A-986A-DF49F82C487F}
		{BB2B781B-A0EC-4275-BA37-3784AE07C3FD} = {DB168CFE-12D6-4653-A587-C306351DA57F}
		{8D3AD899-AE71-439C-9A21-B1370B1B1E5A} = {BB2B781B-A0EC-4275-BA37-3784AE07C3FD}
		{9E1DA191-144E-4AAC-B1C8-31A4B831444C} = {BB2B781B-A0EC-4275-BA37-3784AE07C3FD}
		{F49F13FE-423B-442B-AFAF-000BC7A601F3} = {8D3AD899-AE71-439C-9A21-B1370B1B1E5A}
		{A7DAEEAB-421F-46A1-8EF0-948DDB998E13} = {9E1DA191-144E-4AAC-B1C8-31A4B831444C}
		{41B51063-A052-4116-85ED-A6B11B7034BE} = {033799A7-E9A4-48F8-9187-621A5FF26FA6}
		{1166B8FE-0FB3-4867-A5BD-6AE6118F6CEF} = {033799A7-E9A4-48F8-9187-621A5FF26FA6}
		{D19C6C86-DC16-4F9B-87E7-67C0439A64B6} = {41B51063-A052-4116-85ED-A6B11B7034BE}
		{F7EC7C5F-3215-420C-AF61-518657C88512} = {1166B8FE-0FB3-4867-A5BD-6AE6118F6CEF}
		{D88E4914-15CE-4B60-9CC3-D937EE451A2F} = {E3E53B2F-1E9B-4C60-A10C-D3D1B7DAD751}
		{AAEC51AE-1DF7-4E5A-98B8-D608B93A51E9} = {451149AD-1C30-4428-A72C-873825815442}
		{CC022DF5-0E31-43F8-B95C-C1C802AEB130} = {BDE3AE59-B6CC-41A3-B140-8B33CEA8641D}
		{CB55D7CE-4B83-4FC6-A97E-18ED166F3782} = {39DF9D9D-A405-4416-8F86-DAFB2DAC6F86}
		{E3E53B2F-1E9B-4C60-A10C-D3D1B7DAD751} = {D19C6C86-DC16-4F9B-87E7-67C0439A64B6}
		{451149AD-1C30-4428-A72C-873825815442} = {D19C6C86-DC16-4F9B-87E7-67C0439A64B6}
		{BDE3AE59-B6CC-41A3-B140-8B33CEA8641D} = {F7EC7C5F-3215-420C-AF61-518657C88512}
		{39DF9D9D-A405-4416-8F86-DAFB2DAC6F86} = {F7EC7C5F-3215-420C-AF61-518657C88512}
	EndGlobalSection
EndGlobal
